
Microsoft Visual Studio Solution File, Format Version 12.00
# Visual Studio 2012
Project("{FAE04EC0-301F-11D3-BF4B-00C04F79EFBC}") = "CClash", "cclash\CClash.csproj", "{7BCF13A4-C4C9-493D-898B-E89AEFC93C1A}"
EndProject
Project("{FAE04EC0-301F-11D3-BF4B-00C04F79EFBC}") = "CClashTests", "CClash.Tests\CClashTests.csproj", "{B4A548CB-16A3-4FE9-A0D9-76A66182E0B1}"
EndProject
Project("{2150E333-8FDC-42A3-9474-1A3956D46DE8}") = "Solution Items", "Solution Items", "{88D43731-8971-4CCE-999F-B8FE7060AA8E}"
EndProject
Project("{FAE04EC0-301F-11D3-BF4B-00C04F79EFBC}") = "testprogram", "testprogram\testprogram.csproj", "{C8411FE4-F9E4-476D-B11C-2C28AEDBC839}"
EndProject
Project("{FAE04EC0-301F-11D3-BF4B-00C04F79EFBC}") = "testserver", "testserver\testserver.csproj", "{577366D6-AA87-47C8-97C8-62065AE54B2B}"
EndProject
Global
	GlobalSection(SolutionConfigurationPlatforms) = preSolution
		Debug|Any CPU = Debug|Any CPU
		Release|Any CPU = Release|Any CPU
	EndGlobalSection
	GlobalSection(ProjectConfigurationPlatforms) = postSolution
		{7BCF13A4-C4C9-493D-898B-E89AEFC93C1A}.Debug|Any CPU.ActiveCfg = Debug|Any CPU
		{7BCF13A4-C4C9-493D-898B-E89AEFC93C1A}.Debug|Any CPU.Build.0 = Debug|Any CPU
		{7BCF13A4-C4C9-493D-898B-E89AEFC93C1A}.Release|Any CPU.ActiveCfg = Release|Any CPU
		{7BCF13A4-C4C9-493D-898B-E89AEFC93C1A}.Release|Any CPU.Build.0 = Release|Any CPU
		{B4A548CB-16A3-4FE9-A0D9-76A66182E0B1}.Debug|Any CPU.ActiveCfg = Debug|Any CPU
		{B4A548CB-16A3-4FE9-A0D9-76A66182E0B1}.Debug|Any CPU.Build.0 = Debug|Any CPU
		{B4A548CB-16A3-4FE9-A0D9-76A66182E0B1}.Release|Any CPU.ActiveCfg = Release|Any CPU
		{B4A548CB-16A3-4FE9-A0D9-76A66182E0B1}.Release|Any CPU.Build.0 = Release|Any CPU
		{C8411FE4-F9E4-476D-B11C-2C28AEDBC839}.Debug|Any CPU.ActiveCfg = Debug|Any CPU
		{C8411FE4-F9E4-476D-B11C-2C28AEDBC839}.Debug|Any CPU.Build.0 = Debug|Any CPU
		{C8411FE4-F9E4-476D-B11C-2C28AEDBC839}.Release|Any CPU.ActiveCfg = Release|Any CPU
		{C8411FE4-F9E4-476D-B11C-2C28AEDBC839}.Release|Any CPU.Build.0 = Release|Any CPU
		{577366D6-AA87-47C8-97C8-62065AE54B2B}.Debug|Any CPU.ActiveCfg = Debug|Any CPU
		{577366D6-AA87-47C8-97C8-62065AE54B2B}.Debug|Any CPU.Build.0 = Debug|Any CPU
		{577366D6-AA87-47C8-97C8-62065AE54B2B}.Release|Any CPU.ActiveCfg = Release|Any CPU
		{577366D6-AA87-47C8-97C8-62065AE54B2B}.Release|Any CPU.Build.0 = Release|Any CPU
	EndGlobalSection
	GlobalSection(SolutionProperties) = preSolution
		HideSolutionNode = FALSE
	EndGlobalSection
EndGlobal
